
Microsoft Visual Studio Solution File, Format Version 11.00
# Visual Studio 2010
Project("{FAE04EC0-301F-11D3-BF4B-00C04F79EFBC}") = "Assembly-CSharp", "Assembly-CSharp.csproj", "{735AF9CE-3BB7-A682-D39B-319C4BB716AD}"
EndProject
Global
	GlobalSection(SolutionConfigurationPlatforms) = preSolution
		Debug|Any CPU = Debug|Any CPU
		Release|Any CPU = Release|Any CPU
	EndGlobalSection
	GlobalSection(ProjectConfigurationPlatforms) = postSolution
		{735AF9CE-3BB7-A682-D39B-319C4BB716AD}.Debug|Any CPU.ActiveCfg = Debug|Any CPU
		{735AF9CE-3BB7-A682-D39B-319C4BB716AD}.Debug|Any CPU.Build.0 = Debug|Any CPU
		{735AF9CE-3BB7-A682-D39B-319C4BB716AD}.Release|Any CPU.ActiveCfg = Release|Any CPU
		{735AF9CE-3BB7-A682-D39B-319C4BB716AD}.Release|Any CPU.Build.0 = Release|Any CPU
	EndGlobalSection
	GlobalSection(SolutionProperties) = preSolution
		HideSolutionNode = FALSE
	EndGlobalSection
EndGlobal
